
Microsoft Visual Studio Solution File, Format Version 12.00
Project("{FAE04EC0-301F-11D3-BF4B-00C04F79EFBC}") = "FreeGameIsAFreeGame.Scraper.HumbleBundle", "FreeGameIsAFreeGame.Scraper.HumbleBundle\FreeGameIsAFreeGame.Scraper.HumbleBundle.csproj", "{2E0CBF28-E300-4906-B7C0-8FDC20D5B7BD}"
EndProject
Project("{FAE04EC0-301F-11D3-BF4B-00C04F79EFBC}") = "FreeGameIsAFreeGame.Core", "..\FreeGameIsAFreeGame.Core\FreeGameIsAFreeGame.Core\FreeGameIsAFreeGame.Core\FreeGameIsAFreeGame.Core.csproj", "{8C1979BF-D4D5-4124-BF7A-8318E5790021}"
EndProject
Global
	GlobalSection(SolutionConfigurationPlatforms) = preSolution
		Debug|Any CPU = Debug|Any CPU
		Release|Any CPU = Release|Any CPU
	EndGlobalSection
	GlobalSection(ProjectConfigurationPlatforms) = postSolution
		{2E0CBF28-E300-4906-B7C0-8FDC20D5B7BD}.Debug|Any CPU.ActiveCfg = Debug|Any CPU
		{2E0CBF28-E300-4906-B7C0-8FDC20D5B7BD}.Debug|Any CPU.Build.0 = Debug|Any CPU
		{2E0CBF28-E300-4906-B7C0-8FDC20D5B7BD}.Release|Any CPU.ActiveCfg = Release|Any CPU
		{2E0CBF28-E300-4906-B7C0-8FDC20D5B7BD}.Release|Any CPU.Build.0 = Release|Any CPU
		{8C1979BF-D4D5-4124-BF7A-8318E5790021}.Debug|Any CPU.ActiveCfg = Debug|Any CPU
		{8C1979BF-D4D5-4124-BF7A-8318E5790021}.Debug|Any CPU.Build.0 = Debug|Any CPU
		{8C1979BF-D4D5-4124-BF7A-8318E5790021}.Release|Any CPU.ActiveCfg = Release|Any CPU
		{8C1979BF-D4D5-4124-BF7A-8318E5790021}.Release|Any CPU.Build.0 = Release|Any CPU
	EndGlobalSection
EndGlobal
